{
  "name": "gs-sass-tools",
  "version": "6.0.0",
  "lockfileVersion": 1,
  "requires": true,
  "dependencies": {
    "gel-grid": {
      "version": "3.0.4",
      "resolved": "https://registry.npmjs.org/gel-grid/-/gel-grid-3.0.4.tgz",
      "integrity": "sha1-ELKRECqTOxG1IaIuf9W7OKiCtWk=",
      "requires": {
        "gel-sass-tools": "1.2.1"
      }
    },
    "gel-sass-tools": {
      "version": "1.2.1",
      "resolved": "https://registry.npmjs.org/gel-sass-tools/-/gel-sass-tools-1.2.1.tgz",
      "integrity": "sha1-u1Qne9SaCdoEZzEH/dKtnA3P6qU=",
      "requires": {
        "sass-mq": "3.3.2"
      }
    },
    "gel-typography": {
      "version": "2.0.5",
      "resolved": "https://registry.npmjs.org/gel-typography/-/gel-typography-2.0.5.tgz",
      "integrity": "sha1-xVU7GVQgbcv+zYOXk9pJqZXad10=",
      "requires": {
        "gel-sass-tools": "1.2.1"
      }
    },
    "sass-mq": {
      "version": "3.3.2",
      "resolved": "https://registry.npmjs.org/sass-mq/-/sass-mq-3.3.2.tgz",
      "integrity": "sha1-NHLgTDGkMrzVWztgTtxyrppN7xo="
    }
  }
}
